Microsoft Visual Studio Solution File, Format Version 12.00
# Visual Studio Version 17
VisualStudioVersion = 17.5.2.0
MinimumVisualStudioVersion = 10.0.40219.1
Project("{FAE04EC0-301F-11D3-BF4B-00C04F79EFBC}") = "RevitCleanup2025", "src\RevitCleanup2025.csproj", "{20277957-3D95-D7F0-21CB-AD7B3984323A}"
EndProject
Global
	GlobalSection(SolutionConfigurationPlatforms) = preSolution
		Debug|Any CPU = Debug|Any CPU
		Release|Any CPU = Release|Any CPU
	EndGlobalSection
	GlobalSection(ProjectConfigurationPlatforms) = postSolution
		{20277957-3D95-D7F0-21CB-AD7B3984323A}.Debug|Any CPU.ActiveCfg = Debug|Any CPU
		{20277957-3D95-D7F0-21CB-AD7B3984323A}.Debug|Any CPU.Build.0 = Debug|Any CPU
		{20277957-3D95-D7F0-21CB-AD7B3984323A}.Release|Any CPU.ActiveCfg = Release|Any CPU
		{20277957-3D95-D7F0-21CB-AD7B3984323A}.Release|Any CPU.Build.0 = Release|Any CPU
	EndGlobalSection
	GlobalSection(SolutionProperties) = preSolution
		HideSolutionNode = FALSE
	EndGlobalSection
	GlobalSection(ExtensibilityGlobals) = postSolution
		SolutionGuid = {79B0B173-20A5-402E-9B13-70DC92403571}
	EndGlobalSection
EndGlobal
